<?xml version="1.0" encoding="utf-8"?>
<Project ToolsVersion="4.0" xmlns="http://schemas.microsoft.com/developer/msbuild/2003">
  <ItemGroup>
    <Filter Include="소스 파일">
      <UniqueIdentifier>{4FC737F1-C7A5-4376-A066-2A32D752A2FF}</UniqueIdentifier>
      <Extensions>cpp;c;cc;cxx;c++;cppm;ixx;def;odl;idl;hpj;bat;asm;asmx</Extensions>
    </Filter>
    <Filter Include="헤더 파일">
      <UniqueIdentifier>{93995380-89BD-4b04-88EB-625FBE52EBFB}</UniqueIdentifier>
      <Extensions>h;hh;hpp;hxx;h++;hm;inl;inc;ipp;xsd</Extensions>
    </Filter>
    <Filter Include="리소스 파일">
      <UniqueIdentifier>{67DA6AB6-F800-4c08-8B7A-83BB121AAD01}</UniqueIdentifier>
      <Extensions>rc;ico;cur;bmp;dlg;rc2;rct;bin;rgs;gif;jpg;jpeg;jpe;resx;tiff;tif;png;wav;mfcribbon-ms</Extensions>
    </Filter>
    <Filter Include="소스 파일\1.신고결과받기">
      <UniqueIdentifier>{c2029c63-d561-4c93-bfa8-d80b574e1451}</UniqueIdentifier>
    </Filter>
  </ItemGroup>
  <ItemGroup>
    <ClCompile Include="1_신고결과받기(개인).cpp">
      <Filter>소스 파일\1.신고결과받기</Filter>
    </ClCompile>
    <ClCompile Include="2_신고결과받기%28회의_개인%29.cpp">
      <Filter>소스 파일\1.신고결과받기</Filter>
    </ClCompile>
    <ClCompile Include="3_신고결과받기%28function%29.cpp">
      <Filter>소스 파일\1.신고결과받기</Filter>
    </ClCompile>
    <ClCompile Include="4_신고결과받기%281차%29.cpp">
      <Filter>소스 파일\1.신고결과받기</Filter>
    </ClCompile>
    <ClCompile Include="5_신고결과받기%282차%29.cpp">
      <Filter>소스 파일\1.신고결과받기</Filter>
    </ClCompile>
    <ClCompile Include="6_신고결과받기%283차 최종본%29.cpp">
      <Filter>소스 파일\1.신고결과받기</Filter>
    </ClCompile>
    <ClCompile Include="0_test.cpp">
      <Filter>소스 파일\1.신고결과받기</Filter>
    </ClCompile>
    <ClCompile Include="C:\Users\jmgma\Documents\카카오톡 받은 파일\신고결과받기(하은,새진).cpp">
      <Filter>소스 파일\1.신고결과받기</Filter>
    </ClCompile>
    <ClCompile Include="C:\Users\jmgma\Desktop\카카오_지안_신고메일2.cpp">
      <Filter>소스 파일\1.신고결과받기</Filter>
    </ClCompile>
  </ItemGroup>
</Project>